
Microsoft Visual Studio Solution File, Format Version 12.00
# Visual Studio Version 17
VisualStudioVersion = 17.12.35707.178
MinimumVisualStudioVersion = 10.0.40219.1
Project("{8BC9CEB8-8B4A-11D0-8D11-00A0C91BC942}") = "ConstructorDestructorTest", "ConstructorDestructorTest\ConstructorDestructorTest.vcxproj", "{1643B355-24D8-4EC0-BD36-4A93D8214975}"
EndProject
Project("{8BC9CEB8-8B4A-11D0-8D11-00A0C91BC942}") = "ConstructorCleanupTest", "ConstructorCleanupTest\ConstructorCleanupTest.vcxproj", "{32890367-FB5C-48DE-9996-89C1DBE539D3}"
EndProject
Project("{8BC9CEB8-8B4A-11D0-8D11-00A0C91BC942}") = "AutomaticVsFreeStoreAllocationTest", "AutomaticVsFreeStoreAllocationTest\AutomaticVsFreeStoreAllocationTest.vcxproj", "{BC4C7330-AF8E-4500-8AFA-D7F1F0DB4B54}"
EndProject
Project("{8BC9CEB8-8B4A-11D0-8D11-00A0C91BC942}") = "ThreadLocalTest", "ThreadLocalTest\ThreadLocalTest.vcxproj", "{33534A32-D16B-4EDF-8BB3-37EAB1534CA3}"
EndProject
Project("{8BC9CEB8-8B4A-11D0-8D11-00A0C91BC942}") = "RawPointerTest", "RawPointerTest\RawPointerTest.vcxproj", "{647F4157-56AC-4FE2-8544-4D612EABB00C}"
EndProject
Project("{8BC9CEB8-8B4A-11D0-8D11-00A0C91BC942}") = "ArraysPointersTest", "ArraysPointersTest\ArraysPointersTest.vcxproj", "{4DFFDF5F-081C-4163-95DE-704654EA64E3}"
EndProject
Project("{8BC9CEB8-8B4A-11D0-8D11-00A0C91BC942}") = "ArraysOfPointersTest", "ArraysOfPointersTest\ArraysOfPointersTest.vcxproj", "{3116DEA4-FE2C-438E-B2C2-8453031A2350}"
EndProject
Project("{8BC9CEB8-8B4A-11D0-8D11-00A0C91BC942}") = "LValueRefsTest", "LValueRefsTest\LValueRefsTest.vcxproj", "{92648F32-EC04-4017-BE50-81E98D728482}"
EndProject
Project("{8BC9CEB8-8B4A-11D0-8D11-00A0C91BC942}") = "RValueRefsTest", "RValueRefsTest\RValueRefsTest.vcxproj", "{B5A8C43F-508C-4D7C-B2AD-50BD3C860AC6}"
EndProject
Global
	GlobalSection(SolutionConfigurationPlatforms) = preSolution
		Debug|x64 = Debug|x64
		Debug|x86 = Debug|x86
		Release|x64 = Release|x64
		Release|x86 = Release|x86
	EndGlobalSection
	GlobalSection(ProjectConfigurationPlatforms) = postSolution
		{1643B355-24D8-4EC0-BD36-4A93D8214975}.Debug|x64.ActiveCfg = Debug|x64
		{1643B355-24D8-4EC0-BD36-4A93D8214975}.Debug|x64.Build.0 = Debug|x64
		{1643B355-24D8-4EC0-BD36-4A93D8214975}.Debug|x86.ActiveCfg = Debug|Win32
		{1643B355-24D8-4EC0-BD36-4A93D8214975}.Debug|x86.Build.0 = Debug|Win32
		{1643B355-24D8-4EC0-BD36-4A93D8214975}.Release|x64.ActiveCfg = Release|x64
		{1643B355-24D8-4EC0-BD36-4A93D8214975}.Release|x64.Build.0 = Release|x64
		{1643B355-24D8-4EC0-BD36-4A93D8214975}.Release|x86.ActiveCfg = Release|Win32
		{1643B355-24D8-4EC0-BD36-4A93D8214975}.Release|x86.Build.0 = Release|Win32
		{32890367-FB5C-48DE-9996-89C1DBE539D3}.Debug|x64.ActiveCfg = Debug|x64
		{32890367-FB5C-48DE-9996-89C1DBE539D3}.Debug|x64.Build.0 = Debug|x64
		{32890367-FB5C-48DE-9996-89C1DBE539D3}.Debug|x86.ActiveCfg = Debug|Win32
		{32890367-FB5C-48DE-9996-89C1DBE539D3}.Debug|x86.Build.0 = Debug|Win32
		{32890367-FB5C-48DE-9996-89C1DBE539D3}.Release|x64.ActiveCfg = Release|x64
		{32890367-FB5C-48DE-9996-89C1DBE539D3}.Release|x64.Build.0 = Release|x64
		{32890367-FB5C-48DE-9996-89C1DBE539D3}.Release|x86.ActiveCfg = Release|Win32
		{32890367-FB5C-48DE-9996-89C1DBE539D3}.Release|x86.Build.0 = Release|Win32
		{BC4C7330-AF8E-4500-8AFA-D7F1F0DB4B54}.Debug|x64.ActiveCfg = Debug|x64
		{BC4C7330-AF8E-4500-8AFA-D7F1F0DB4B54}.Debug|x64.Build.0 = Debug|x64
		{BC4C7330-AF8E-4500-8AFA-D7F1F0DB4B54}.Debug|x86.ActiveCfg = Debug|Win32
		{BC4C7330-AF8E-4500-8AFA-D7F1F0DB4B54}.Debug|x86.Build.0 = Debug|Win32
		{BC4C7330-AF8E-4500-8AFA-D7F1F0DB4B54}.Release|x64.ActiveCfg = Release|x64
		{BC4C7330-AF8E-4500-8AFA-D7F1F0DB4B54}.Release|x64.Build.0 = Release|x64
		{BC4C7330-AF8E-4500-8AFA-D7F1F0DB4B54}.Release|x86.ActiveCfg = Release|Win32
		{BC4C7330-AF8E-4500-8AFA-D7F1F0DB4B54}.Release|x86.Build.0 = Release|Win32
		{33534A32-D16B-4EDF-8BB3-37EAB1534CA3}.Debug|x64.ActiveCfg = Debug|x64
		{33534A32-D16B-4EDF-8BB3-37EAB1534CA3}.Debug|x64.Build.0 = Debug|x64
		{33534A32-D16B-4EDF-8BB3-37EAB1534CA3}.Debug|x86.ActiveCfg = Debug|Win32
		{33534A32-D16B-4EDF-8BB3-37EAB1534CA3}.Debug|x86.Build.0 = Debug|Win32
		{33534A32-D16B-4EDF-8BB3-37EAB1534CA3}.Release|x64.ActiveCfg = Release|x64
		{33534A32-D16B-4EDF-8BB3-37EAB1534CA3}.Release|x64.Build.0 = Release|x64
		{33534A32-D16B-4EDF-8BB3-37EAB1534CA3}.Release|x86.ActiveCfg = Release|Win32
		{33534A32-D16B-4EDF-8BB3-37EAB1534CA3}.Release|x86.Build.0 = Release|Win32
		{647F4157-56AC-4FE2-8544-4D612EABB00C}.Debug|x64.ActiveCfg = Debug|x64
		{647F4157-56AC-4FE2-8544-4D612EABB00C}.Debug|x64.Build.0 = Debug|x64
		{647F4157-56AC-4FE2-8544-4D612EABB00C}.Debug|x86.ActiveCfg = Debug|Win32
		{647F4157-56AC-4FE2-8544-4D612EABB00C}.Debug|x86.Build.0 = Debug|Win32
		{647F4157-56AC-4FE2-8544-4D612EABB00C}.Release|x64.ActiveCfg = Release|x64
		{647F4157-56AC-4FE2-8544-4D612EABB00C}.Release|x64.Build.0 = Release|x64
		{647F4157-56AC-4FE2-8544-4D612EABB00C}.Release|x86.ActiveCfg = Release|Win32
		{647F4157-56AC-4FE2-8544-4D612EABB00C}.Release|x86.Build.0 = Release|Win32
		{4DFFDF5F-081C-4163-95DE-704654EA64E3}.Debug|x64.ActiveCfg = Debug|x64
		{4DFFDF5F-081C-4163-95DE-704654EA64E3}.Debug|x64.Build.0 = Debug|x64
		{4DFFDF5F-081C-4163-95DE-704654EA64E3}.Debug|x86.ActiveCfg = Debug|Win32
		{4DFFDF5F-081C-4163-95DE-704654EA64E3}.Debug|x86.Build.0 = Debug|Win32
		{4DFFDF5F-081C-4163-95DE-704654EA64E3}.Release|x64.ActiveCfg = Release|x64
		{4DFFDF5F-081C-4163-95DE-704654EA64E3}.Release|x64.Build.0 = Release|x64
		{4DFFDF5F-081C-4163-95DE-704654EA64E3}.Release|x86.ActiveCfg = Release|Win32
		{4DFFDF5F-081C-4163-95DE-704654EA64E3}.Release|x86.Build.0 = Release|Win32
		{3116DEA4-FE2C-438E-B2C2-8453031A2350}.Debug|x64.ActiveCfg = Debug|x64
		{3116DEA4-FE2C-438E-B2C2-8453031A2350}.Debug|x64.Build.0 = Debug|x64
		{3116DEA4-FE2C-438E-B2C2-8453031A2350}.Debug|x86.ActiveCfg = Debug|Win32
		{3116DEA4-FE2C-438E-B2C2-8453031A2350}.Debug|x86.Build.0 = Debug|Win32
		{3116DEA4-FE2C-438E-B2C2-8453031A2350}.Release|x64.ActiveCfg = Release|x64
		{3116DEA4-FE2C-438E-B2C2-8453031A2350}.Release|x64.Build.0 = Release|x64
		{3116DEA4-FE2C-438E-B2C2-8453031A2350}.Release|x86.ActiveCfg = Release|Win32
		{3116DEA4-FE2C-438E-B2C2-8453031A2350}.Release|x86.Build.0 = Release|Win32
		{92648F32-EC04-4017-BE50-81E98D728482}.Debug|x64.ActiveCfg = Debug|x64
		{92648F32-EC04-4017-BE50-81E98D728482}.Debug|x64.Build.0 = Debug|x64
		{92648F32-EC04-4017-BE50-81E98D728482}.Debug|x86.ActiveCfg = Debug|Win32
		{92648F32-EC04-4017-BE50-81E98D728482}.Debug|x86.Build.0 = Debug|Win32
		{92648F32-EC04-4017-BE50-81E98D728482}.Release|x64.ActiveCfg = Release|x64
		{92648F32-EC04-4017-BE50-81E98D728482}.Release|x64.Build.0 = Release|x64
		{92648F32-EC04-4017-BE50-81E98D728482}.Release|x86.ActiveCfg = Release|Win32
		{92648F32-EC04-4017-BE50-81E98D728482}.Release|x86.Build.0 = Release|Win32
		{B5A8C43F-508C-4D7C-B2AD-50BD3C860AC6}.Debug|x64.ActiveCfg = Debug|x64
		{B5A8C43F-508C-4D7C-B2AD-50BD3C860AC6}.Debug|x64.Build.0 = Debug|x64
		{B5A8C43F-508C-4D7C-B2AD-50BD3C860AC6}.Debug|x86.ActiveCfg = Debug|Win32
		{B5A8C43F-508C-4D7C-B2AD-50BD3C860AC6}.Debug|x86.Build.0 = Debug|Win32
		{B5A8C43F-508C-4D7C-B2AD-50BD3C860AC6}.Release|x64.ActiveCfg = Release|x64
		{B5A8C43F-508C-4D7C-B2AD-50BD3C860AC6}.Release|x64.Build.0 = Release|x64
		{B5A8C43F-508C-4D7C-B2AD-50BD3C860AC6}.Release|x86.ActiveCfg = Release|Win32
		{B5A8C43F-508C-4D7C-B2AD-50BD3C860AC6}.Release|x86.Build.0 = Release|Win32
	EndGlobalSection
	GlobalSection(SolutionProperties) = preSolution
		HideSolutionNode = FALSE
	EndGlobalSection
EndGlobal
